# lock-meta v1 lines=45 payload=343A1119 key=none sig=none
arena@0.1 4D87718B https://tn.tezzcorp.com/download/sdk/lib/arena.tn
color@0.1 10472682 https://tn.tezzcorp.com/download/sdk/lib/color.tn
cyber@0.1 0E0374EE https://tn.tezzcorp.com/download/sdk/lib/cyber.tn
data@0.1 3CC542C8 https://tn.tezzcorp.com/download/sdk/lib/data.tn
event@0.1 4AC5D736 https://tn.tezzcorp.com/download/sdk/lib/event.tn
frame@0.1 210DC052 https://tn.tezzcorp.com/download/sdk/lib/frame.tn
gpu@0.1 18C45656 https://tn.tezzcorp.com/download/sdk/lib/gpu.tn
gui@0.1 1B599DDA https://tn.tezzcorp.com/download/sdk/lib/gui.tn
gui_win@0.1 3FCB4390 https://tn.tezzcorp.com/download/sdk/lib/gui_win.tn
intrin@0.1 4D2A6999 https://tn.tezzcorp.com/download/sdk/lib/intrin.tn
io@0.1 0669EF63 https://tn.tezzcorp.com/download/sdk/lib/io.tn
llm@0.1 207FE104 https://tn.tezzcorp.com/download/sdk/lib/llm.tn
math@0.1 469655ED https://tn.tezzcorp.com/download/sdk/lib/math.tn
net@0.1 1E5D82E5 https://tn.tezzcorp.com/download/sdk/lib/net.tn
nn@0.1 5613EA7E https://tn.tezzcorp.com/download/sdk/lib/nn.tn
npu@0.1 39D27BD8 https://tn.tezzcorp.com/download/sdk/lib/npu.tn
os@0.1 6727490F https://tn.tezzcorp.com/download/sdk/lib/os.tn
simd@0.1 2382C055 https://tn.tezzcorp.com/download/sdk/lib/simd.tn
std@0.1 2A0177A2 https://tn.tezzcorp.com/download/sdk/lib/std.tn
str@0.1 263691E5 https://tn.tezzcorp.com/download/sdk/lib/str.tn
stt@0.1 787BE717 https://tn.tezzcorp.com/download/sdk/lib/stt.tn
sys@0.1 78E3A6B7 https://tn.tezzcorp.com/download/sdk/lib/sys.tn
task@0.1 41478EC5 https://tn.tezzcorp.com/download/sdk/lib/task.tn
tensor@0.1 7169C46D https://tn.tezzcorp.com/download/sdk/lib/tensor.tn
tezzapi@0.1 197FB499 https://tn.tezzcorp.com/download/sdk/lib/tezzapi.tn
tezzdb@0.1 07A98226 https://tn.tezzcorp.com/download/sdk/lib/tezzdb.tn
tezzdbql@0.1 1F50CE0F https://tn.tezzcorp.com/download/sdk/lib/tezzdbql.tn
tezzinstall@0.1 16F741BD https://tn.tezzcorp.com/download/sdk/lib/tezzinstall.tn
tezzserve@0.1 3F77DED4 https://tn.tezzcorp.com/download/sdk/lib/tezzserve.tn
tezzsetup@0.1 35AB2C87 https://tn.tezzcorp.com/download/sdk/lib/tezzsetup.tn
tezzui@0.1 23AA9512 https://tn.tezzcorp.com/download/sdk/lib/tezzui.tn
time@0.1 55258BA8 https://tn.tezzcorp.com/download/sdk/lib/time.tn
tls@0.1 4527F9AA https://tn.tezzcorp.com/download/sdk/lib/tls.tn
tnauto@0.1 7459BF02 https://tn.tezzcorp.com/download/sdk/lib/tnauto.tn
tnui@0.1 12D9128F https://tn.tezzcorp.com/download/sdk/lib/tnui.tn
tnx@0.1 4F5F093F https://tn.tezzcorp.com/download/sdk/lib/tnx.tn
tokenizer@0.1 6A1DF450 https://tn.tezzcorp.com/download/sdk/lib/tokenizer.tn
tsm@0.1 2A702A27 https://tn.tezzcorp.com/download/sdk/lib/tsm.tn
tts@0.1 339718AE https://tn.tezzcorp.com/download/sdk/lib/tts.tn
tzgui@0.1 6B953795 https://tn.tezzcorp.com/download/sdk/lib/tzgui.tn
tzgui_native@0.1 7E928B6B https://tn.tezzcorp.com/download/sdk/lib/tzgui_native.tn
tzimage@0.1 69F1FB82 https://tn.tezzcorp.com/download/sdk/lib/tzimage.tn
tzui@0.1 4C29E001 https://tn.tezzcorp.com/download/sdk/lib/tzui.tn
vec@0.1 609D37F6 https://tn.tezzcorp.com/download/sdk/lib/vec.tn
wm@0.1 7D4C37F1 https://tn.tezzcorp.com/download/sdk/lib/wm.tn
